
Microsoft Visual Studio Solution File, Format Version 12.00
# Visual Studio Version 16
VisualStudioVersion = 16.0.30509.190
MinimumVisualStudioVersion = 10.0.40219.1
Project("{9A19103F-16F7-4668-BE54-9A1E7A4F7556}") = "IoTSuite.Server", "IoTSuite\Server\IoTSuite.Server.csproj", "{A5C3DFEA-5658-45BA-82BD-CF860958973E}"
EndProject
Project("{9A19103F-16F7-4668-BE54-9A1E7A4F7556}") = "IoTSuite.Client", "IoTSuite\Client\IoTSuite.Client.csproj", "{48738858-EFD5-40C3-B10C-B56C9C869E50}"
EndProject
Project("{9A19103F-16F7-4668-BE54-9A1E7A4F7556}") = "IoTSuite.Shared", "IoTSuite\Shared\IoTSuite.Shared.csproj", "{4DFBC20E-8A39-4469-A398-715569C9F52A}"
EndProject
Global
	GlobalSection(SolutionConfigurationPlatforms) = preSolution
		Debug|Any CPU = Debug|Any CPU
		Release|Any CPU = Release|Any CPU
	EndGlobalSection
	GlobalSection(ProjectConfigurationPlatforms) = postSolution
		{A5C3DFEA-5658-45BA-82BD-CF860958973E}.Debug|Any CPU.ActiveCfg = Debug|Any CPU
		{A5C3DFEA-5658-45BA-82BD-CF860958973E}.Debug|Any CPU.Build.0 = Debug|Any CPU
		{A5C3DFEA-5658-45BA-82BD-CF860958973E}.Release|Any CPU.ActiveCfg = Release|Any CPU
		{A5C3DFEA-5658-45BA-82BD-CF860958973E}.Release|Any CPU.Build.0 = Release|Any CPU
		{48738858-EFD5-40C3-B10C-B56C9C869E50}.Debug|Any CPU.ActiveCfg = Debug|Any CPU
		{48738858-EFD5-40C3-B10C-B56C9C869E50}.Debug|Any CPU.Build.0 = Debug|Any CPU
		{48738858-EFD5-40C3-B10C-B56C9C869E50}.Release|Any CPU.ActiveCfg = Release|Any CPU
		{48738858-EFD5-40C3-B10C-B56C9C869E50}.Release|Any CPU.Build.0 = Release|Any CPU
		{4DFBC20E-8A39-4469-A398-715569C9F52A}.Debug|Any CPU.ActiveCfg = Debug|Any CPU
		{4DFBC20E-8A39-4469-A398-715569C9F52A}.Debug|Any CPU.Build.0 = Debug|Any CPU
		{4DFBC20E-8A39-4469-A398-715569C9F52A}.Release|Any CPU.ActiveCfg = Release|Any CPU
		{4DFBC20E-8A39-4469-A398-715569C9F52A}.Release|Any CPU.Build.0 = Release|Any CPU
	EndGlobalSection
	GlobalSection(SolutionProperties) = preSolution
		HideSolutionNode = FALSE
	EndGlobalSection
	GlobalSection(ExtensibilityGlobals) = postSolution
		SolutionGuid = {3AD32D86-9F64-4AF7-82AC-300559F361EF}
	EndGlobalSection
EndGlobal
